
Microsoft Visual Studio Solution File, Format Version 12.00
# Visual Studio Version 17
VisualStudioVersion = 17.0.31903.59
MinimumVisualStudioVersion = 10.0.40219.1
Project("{2150E333-8FDC-42A3-9474-1A3956D46DE8}") = "src", "src", "{5D6B245F-7CDA-409B-92E7-1DE037A7D548}"
EndProject
Project("{FAE04EC0-301F-11D3-BF4B-00C04F79EFBC}") = "MedicalAdvisor.Web", "src\MedicalAdvisor.Web\MedicalAdvisor.Web.csproj", "{A5F570E9-2EBA-4397-8272-A89F662322B0}"
EndProject
Project("{2150E333-8FDC-42A3-9474-1A3956D46DE8}") = "tests", "tests", "{F544C069-8FAA-4A65-A550-6E0E27D4457D}"
EndProject
Project("{FAE04EC0-301F-11D3-BF4B-00C04F79EFBC}") = "MedicalAdvisor.Tests", "tests\MedicalAdvisor.Tests\MedicalAdvisor.Tests.csproj", "{58B89EE5-8266-44AE-9EDE-70AB000F0292}"
EndProject
Global
	GlobalSection(SolutionConfigurationPlatforms) = preSolution
		Debug|Any CPU = Debug|Any CPU
		Release|Any CPU = Release|Any CPU
	EndGlobalSection
	GlobalSection(SolutionProperties) = preSolution
		HideSolutionNode = FALSE
	EndGlobalSection
	GlobalSection(ProjectConfigurationPlatforms) = postSolution
		{A5F570E9-2EBA-4397-8272-A89F662322B0}.Debug|Any CPU.ActiveCfg = Debug|Any CPU
		{A5F570E9-2EBA-4397-8272-A89F662322B0}.Debug|Any CPU.Build.0 = Debug|Any CPU
		{A5F570E9-2EBA-4397-8272-A89F662322B0}.Release|Any CPU.ActiveCfg = Release|Any CPU
		{A5F570E9-2EBA-4397-8272-A89F662322B0}.Release|Any CPU.Build.0 = Release|Any CPU
		{58B89EE5-8266-44AE-9EDE-70AB000F0292}.Debug|Any CPU.ActiveCfg = Debug|Any CPU
		{58B89EE5-8266-44AE-9EDE-70AB000F0292}.Debug|Any CPU.Build.0 = Debug|Any CPU
		{58B89EE5-8266-44AE-9EDE-70AB000F0292}.Release|Any CPU.ActiveCfg = Release|Any CPU
		{58B89EE5-8266-44AE-9EDE-70AB000F0292}.Release|Any CPU.Build.0 = Release|Any CPU
	EndGlobalSection
	GlobalSection(NestedProjects) = preSolution
		{A5F570E9-2EBA-4397-8272-A89F662322B0} = {5D6B245F-7CDA-409B-92E7-1DE037A7D548}
		{58B89EE5-8266-44AE-9EDE-70AB000F0292} = {F544C069-8FAA-4A65-A550-6E0E27D4457D}
	EndGlobalSection
EndGlobal
